
Microsoft Visual Studio Solution File, Format Version 12.00
# Visual Studio Version 16
VisualStudioVersion = 16.0.29709.97
MinimumVisualStudioVersion = 10.0.40219.1
Project("{9A19103F-16F7-4668-BE54-9A1E7A4F7556}") = "AspNetMVC", "AspNetMVC.csproj", "{4AD8ADD5-8719-46EA-8E0F-A29A7967951C}"
EndProject
Project("{00D1A9C2-B5F0-4AF3-8072-F6C62B433612}") = "WebApp.Database", "..\WebApp.Database\WebApp.Database.sqlproj", "{7EDAF7BF-6720-4565-ACDB-C36138B11B62}"
EndProject
Global
	GlobalSection(SolutionConfigurationPlatforms) = preSolution
		Debug|Any CPU = Debug|Any CPU
		Release|Any CPU = Release|Any CPU
	EndGlobalSection
	GlobalSection(ProjectConfigurationPlatforms) = postSolution
		{4AD8ADD5-8719-46EA-8E0F-A29A7967951C}.Debug|Any CPU.ActiveCfg = Debug|Any CPU
		{4AD8ADD5-8719-46EA-8E0F-A29A7967951C}.Debug|Any CPU.Build.0 = Debug|Any CPU
		{4AD8ADD5-8719-46EA-8E0F-A29A7967951C}.Release|Any CPU.ActiveCfg = Release|Any CPU
		{4AD8ADD5-8719-46EA-8E0F-A29A7967951C}.Release|Any CPU.Build.0 = Release|Any CPU
		{7EDAF7BF-6720-4565-ACDB-C36138B11B62}.Debug|Any CPU.ActiveCfg = Debug|Any CPU
		{7EDAF7BF-6720-4565-ACDB-C36138B11B62}.Debug|Any CPU.Build.0 = Debug|Any CPU
		{7EDAF7BF-6720-4565-ACDB-C36138B11B62}.Debug|Any CPU.Deploy.0 = Debug|Any CPU
		{7EDAF7BF-6720-4565-ACDB-C36138B11B62}.Release|Any CPU.ActiveCfg = Release|Any CPU
		{7EDAF7BF-6720-4565-ACDB-C36138B11B62}.Release|Any CPU.Build.0 = Release|Any CPU
		{7EDAF7BF-6720-4565-ACDB-C36138B11B62}.Release|Any CPU.Deploy.0 = Release|Any CPU
	EndGlobalSection
	GlobalSection(SolutionProperties) = preSolution
		HideSolutionNode = FALSE
	EndGlobalSection
	GlobalSection(ExtensibilityGlobals) = postSolution
		SolutionGuid = {2FFFF14F-06EB-46CA-AFB9-696A4A3956E5}
	EndGlobalSection
EndGlobal
